{
  "object": {
    "pins": [
      {
        "package": "CommandLineKit",
        "repositoryURL": "https://github.com/Bartlebys/CommandLine",
        "state": {
          "branch": null,
          "revision": "5f0cd0719aa363101a88c5ba9ccfd5802c9ce764",
          "version": "4.0.5"
        }
      },
      {
        "package": "Globals",
        "repositoryURL": "https://github.com/Bartlebys/Globals",
        "state": {
          "branch": null,
          "revision": "83ed1b57442856a50609574e4e19e695db5040b4",
          "version": "1.0.0"
        }
      }
    ]
  },
  "version": 1
}
