{
  "object": {
    "pins": [
      {
        "package": "CommandLineKit",
        "repositoryURL": "https://github.com/Bartlebys/CommandLine",
        "state": {
          "branch": null,
          "revision": "d640a25cf4fd8baa835a8a4bdcf28395746e51bd",
          "version": "4.0.8"
        }
      },
      {
        "package": "Globals",
        "repositoryURL": "https://github.com/Bartlebys/Globals",
        "state": {
          "branch": null,
          "revision": "41cab44917e943cb37dbfb0f9888da3e528db06f",
          "version": "1.0.1"
        }
      },
      {
        "package": "HTTPClient",
        "repositoryURL": "https://github.com/benoit-pereira-da-silva/HTTPClient",
        "state": {
          "branch": null,
          "revision": "69fafe7afbca4268aab17e36a0a316f48997c951",
          "version": "1.0.2"
        }
      },
      {
        "package": "Tolerance",
        "repositoryURL": "https://github.com/Bartlebys/Tolerance",
        "state": {
          "branch": null,
          "revision": "fb48a293d852dea007a08b20eed469b6edb2bf25",
          "version": "1.0.0"
        }
      }
    ]
  },
  "version": 1
}
