{
  "object": {
    "pins": [
      {
        "package": "CommandLineKit",
        "repositoryURL": "https://github.com/benoit-pereira-da-silva/CommandLine",
        "state": {
          "branch": null,
          "revision": "3eaafd5941e359f025a411e3b5947f96d82d1bc9",
          "version": "4.0.9"
        }
      },
      {
        "package": "Globals",
        "repositoryURL": "https://github.com/Bartlebys/Globals",
        "state": {
          "branch": null,
          "revision": "41cab44917e943cb37dbfb0f9888da3e528db06f",
          "version": "1.0.1"
        }
      },
      {
        "package": "HTTPClient",
        "repositoryURL": "https://github.com/benoit-pereira-da-silva/HTTPClient",
        "state": {
          "branch": null,
          "revision": "dca3e508dff67abbfc94a9c32f97f9209265e53b",
          "version": "1.0.4"
        }
      },
      {
        "package": "MPLib",
        "repositoryURL": "https://github.com/benoit-pereira-da-silva/MPLib",
        "state": {
          "branch": null,
          "revision": "f6a9e901c57a6a2552768a104a9e88e5a3bd9ce7",
          "version": "1.0.0"
        }
      },
      {
        "package": "NavetLib",
        "repositoryURL": "https://github.com/benoit-pereira-da-silva/NavetLib",
        "state": {
          "branch": null,
          "revision": "b6f56dd15b78c723d03909628b4ff254ff1b74fd",
          "version": "1.0.7"
        }
      },
      {
        "package": "Tolerance",
        "repositoryURL": "https://github.com/Bartlebys/Tolerance",
        "state": {
          "branch": null,
          "revision": "fb48a293d852dea007a08b20eed469b6edb2bf25",
          "version": "1.0.0"
        }
      }
    ]
  },
  "version": 1
}
